
Microsoft Visual Studio Solution File, Format Version 12.00
# Visual Studio Version 17
VisualStudioVersion = 17.6.33723.286
MinimumVisualStudioVersion = 10.0.40219.1
Project("{FAE04EC0-301F-11D3-BF4B-00C04F79EFBC}") = "Information_System_Of_The_Project_Organization", "Information_System_Of_The_Project_Organization.csproj", "{8B96242C-09BA-40FA-94EC-A52FD7F937A5}"
EndProject
Global
	GlobalSection(SolutionConfigurationPlatforms) = preSolution
		Debug|Any CPU = Debug|Any CPU
		Release|Any CPU = Release|Any CPU
	EndGlobalSection
	GlobalSection(ProjectConfigurationPlatforms) = postSolution
		{8B96242C-09BA-40FA-94EC-A52FD7F937A5}.Debug|Any CPU.ActiveCfg = Debug|Any CPU
		{8B96242C-09BA-40FA-94EC-A52FD7F937A5}.Debug|Any CPU.Build.0 = Debug|Any CPU
		{8B96242C-09BA-40FA-94EC-A52FD7F937A5}.Release|Any CPU.ActiveCfg = Release|Any CPU
		{8B96242C-09BA-40FA-94EC-A52FD7F937A5}.Release|Any CPU.Build.0 = Release|Any CPU
	EndGlobalSection
	GlobalSection(SolutionProperties) = preSolution
		HideSolutionNode = FALSE
	EndGlobalSection
	GlobalSection(ExtensibilityGlobals) = postSolution
		SolutionGuid = {67F7A5C8-6358-4A26-9902-603D4F60244E}
	EndGlobalSection
EndGlobal
